
Microsoft Visual Studio Solution File, Format Version 12.00
# Visual Studio Version 16
VisualStudioVersion = 16.0.32413.511
MinimumVisualStudioVersion = 10.0.40219.1
Project("{9A19103F-16F7-4668-BE54-9A1E7A4F7556}") = "Avaliacao-Atos", "Avaliacao-Atos\Avaliacao-Atos.csproj", "{42BD3035-3CCA-4424-8933-256443023D70}"
EndProject
Project("{2150E333-8FDC-42A3-9474-1A3956D46DE8}") = "1-Web", "1-Web", "{492E9DAE-4208-4A04-BD2F-A81E582A6BE4}"
EndProject
Project("{2150E333-8FDC-42A3-9474-1A3956D46DE8}") = "2-Application", "2-Application", "{71FD1D9F-F395-4F3F-B9A0-A88955FC83F8}"
EndProject
Project("{2150E333-8FDC-42A3-9474-1A3956D46DE8}") = "3-Domain", "3-Domain", "{59448401-6EF8-42E1-A704-AE2B93E9B8C0}"
EndProject
Project("{2150E333-8FDC-42A3-9474-1A3956D46DE8}") = "4-Infra", "4-Infra", "{69952B93-6C99-4D25-9CB3-8662FA25196C}"
EndProject
Project("{FAE04EC0-301F-11D3-BF4B-00C04F79EFBC}") = "Avaliacao-Atos.Application", "Avaliacao-Atos.Application\Avaliacao-Atos.Application.csproj", "{91F4561C-4F06-49FB-80CF-06947225FF46}"
EndProject
Project("{FAE04EC0-301F-11D3-BF4B-00C04F79EFBC}") = "Avaliacao-Atos.Domain", "Avaliacao-Atos.Domain\Avaliacao-Atos.Domain.csproj", "{30FC9A65-3304-4CED-B64B-9E5A9F320675}"
EndProject
Project("{2150E333-8FDC-42A3-9474-1A3956D46DE8}") = "4.1-Data", "4.1-Data", "{4DE468CE-A95A-4C50-8A7D-7E2211CB39F0}"
EndProject
Project("{2150E333-8FDC-42A3-9474-1A3956D46DE8}") = "4.2CrossCutting", "4.2CrossCutting", "{E628EDA5-DABE-48A1-BCE2-CD520659A577}"
EndProject
Project("{FAE04EC0-301F-11D3-BF4B-00C04F79EFBC}") = "Avaliacao-Atos.Data", "Avaliacao-Atos.Data\Avaliacao-Atos.Data.csproj", "{D8CB68D3-79F3-45D9-863C-68C3B8151E8E}"
EndProject
Project("{FAE04EC0-301F-11D3-BF4B-00C04F79EFBC}") = "Avaliacao-Atos.IoC", "Avaliacao-Atos.IoC\Avaliacao-Atos.IoC.csproj", "{BB98F08F-2DA5-4C69-A587-B4F582F62E0E}"
EndProject
Project("{FAE04EC0-301F-11D3-BF4B-00C04F79EFBC}") = "Avaliacao-Atos.Swagger", "Avaliacao-Atos.Swagger\Avaliacao-Atos.Swagger.csproj", "{0D41082A-A5BD-48CC-A426-271D927D1E41}"
EndProject
Project("{FAE04EC0-301F-11D3-BF4B-00C04F79EFBC}") = "Avaliacao-Atos.Auth", "Avaliacao-Atos.Auth\Avaliacao-Atos.Auth.csproj", "{31743D9C-ADA7-41C0-8249-3D8A925ADF93}"
EndProject
Project("{2150E333-8FDC-42A3-9474-1A3956D46DE8}") = "0-Tests", "0-Tests", "{B6AD1C6E-3F0D-4611-8EA8-B02AD0D67360}"
EndProject
Project("{FAE04EC0-301F-11D3-BF4B-00C04F79EFBC}") = "Avaliacao-Atos.Application.Tests", "Avaliacao-Atos.Application.Tests\Avaliacao-Atos.Application.Tests.csproj", "{C3DF2813-0641-44F9-8948-1432A86EC51C}"
EndProject
Global
	GlobalSection(SolutionConfigurationPlatforms) = preSolution
		Debug|Any CPU = Debug|Any CPU
		Release|Any CPU = Release|Any CPU
	EndGlobalSection
	GlobalSection(ProjectConfigurationPlatforms) = postSolution
		{42BD3035-3CCA-4424-8933-256443023D70}.Debug|Any CPU.ActiveCfg = Debug|Any CPU
		{42BD3035-3CCA-4424-8933-256443023D70}.Debug|Any CPU.Build.0 = Debug|Any CPU
		{42BD3035-3CCA-4424-8933-256443023D70}.Release|Any CPU.ActiveCfg = Release|Any CPU
		{42BD3035-3CCA-4424-8933-256443023D70}.Release|Any CPU.Build.0 = Release|Any CPU
		{91F4561C-4F06-49FB-80CF-06947225FF46}.Debug|Any CPU.ActiveCfg = Debug|Any CPU
		{91F4561C-4F06-49FB-80CF-06947225FF46}.Debug|Any CPU.Build.0 = Debug|Any CPU
		{91F4561C-4F06-49FB-80CF-06947225FF46}.Release|Any CPU.ActiveCfg = Release|Any CPU
		{91F4561C-4F06-49FB-80CF-06947225FF46}.Release|Any CPU.Build.0 = Release|Any CPU
		{30FC9A65-3304-4CED-B64B-9E5A9F320675}.Debug|Any CPU.ActiveCfg = Debug|Any CPU
		{30FC9A65-3304-4CED-B64B-9E5A9F320675}.Debug|Any CPU.Build.0 = Debug|Any CPU
		{30FC9A65-3304-4CED-B64B-9E5A9F320675}.Release|Any CPU.ActiveCfg = Release|Any CPU
		{30FC9A65-3304-4CED-B64B-9E5A9F320675}.Release|Any CPU.Build.0 = Release|Any CPU
		{D8CB68D3-79F3-45D9-863C-68C3B8151E8E}.Debug|Any CPU.ActiveCfg = Debug|Any CPU
		{D8CB68D3-79F3-45D9-863C-68C3B8151E8E}.Debug|Any CPU.Build.0 = Debug|Any CPU
		{D8CB68D3-79F3-45D9-863C-68C3B8151E8E}.Release|Any CPU.ActiveCfg = Release|Any CPU
		{D8CB68D3-79F3-45D9-863C-68C3B8151E8E}.Release|Any CPU.Build.0 = Release|Any CPU
		{BB98F08F-2DA5-4C69-A587-B4F582F62E0E}.Debug|Any CPU.ActiveCfg = Debug|Any CPU
		{BB98F08F-2DA5-4C69-A587-B4F582F62E0E}.Debug|Any CPU.Build.0 = Debug|Any CPU
		{BB98F08F-2DA5-4C69-A587-B4F582F62E0E}.Release|Any CPU.ActiveCfg = Release|Any CPU
		{BB98F08F-2DA5-4C69-A587-B4F582F62E0E}.Release|Any CPU.Build.0 = Release|Any CPU
		{0D41082A-A5BD-48CC-A426-271D927D1E41}.Debug|Any CPU.ActiveCfg = Debug|Any CPU
		{0D41082A-A5BD-48CC-A426-271D927D1E41}.Debug|Any CPU.Build.0 = Debug|Any CPU
		{0D41082A-A5BD-48CC-A426-271D927D1E41}.Release|Any CPU.ActiveCfg = Release|Any CPU
		{0D41082A-A5BD-48CC-A426-271D927D1E41}.Release|Any CPU.Build.0 = Release|Any CPU
		{31743D9C-ADA7-41C0-8249-3D8A925ADF93}.Debug|Any CPU.ActiveCfg = Debug|Any CPU
		{31743D9C-ADA7-41C0-8249-3D8A925ADF93}.Debug|Any CPU.Build.0 = Debug|Any CPU
		{31743D9C-ADA7-41C0-8249-3D8A925ADF93}.Release|Any CPU.ActiveCfg = Release|Any CPU
		{31743D9C-ADA7-41C0-8249-3D8A925ADF93}.Release|Any CPU.Build.0 = Release|Any CPU
		{C3DF2813-0641-44F9-8948-1432A86EC51C}.Debug|Any CPU.ActiveCfg = Debug|Any CPU
		{C3DF2813-0641-44F9-8948-1432A86EC51C}.Debug|Any CPU.Build.0 = Debug|Any CPU
		{C3DF2813-0641-44F9-8948-1432A86EC51C}.Release|Any CPU.ActiveCfg = Release|Any CPU
		{C3DF2813-0641-44F9-8948-1432A86EC51C}.Release|Any CPU.Build.0 = Release|Any CPU
	EndGlobalSection
	GlobalSection(SolutionProperties) = preSolution
		HideSolutionNode = FALSE
	EndGlobalSection
	GlobalSection(NestedProjects) = preSolution
		{42BD3035-3CCA-4424-8933-256443023D70} = {492E9DAE-4208-4A04-BD2F-A81E582A6BE4}
		{91F4561C-4F06-49FB-80CF-06947225FF46} = {71FD1D9F-F395-4F3F-B9A0-A88955FC83F8}
		{30FC9A65-3304-4CED-B64B-9E5A9F320675} = {59448401-6EF8-42E1-A704-AE2B93E9B8C0}
		{4DE468CE-A95A-4C50-8A7D-7E2211CB39F0} = {69952B93-6C99-4D25-9CB3-8662FA25196C}
		{E628EDA5-DABE-48A1-BCE2-CD520659A577} = {69952B93-6C99-4D25-9CB3-8662FA25196C}
		{D8CB68D3-79F3-45D9-863C-68C3B8151E8E} = {4DE468CE-A95A-4C50-8A7D-7E2211CB39F0}
		{BB98F08F-2DA5-4C69-A587-B4F582F62E0E} = {E628EDA5-DABE-48A1-BCE2-CD520659A577}
		{0D41082A-A5BD-48CC-A426-271D927D1E41} = {E628EDA5-DABE-48A1-BCE2-CD520659A577}
		{31743D9C-ADA7-41C0-8249-3D8A925ADF93} = {E628EDA5-DABE-48A1-BCE2-CD520659A577}
		{C3DF2813-0641-44F9-8948-1432A86EC51C} = {B6AD1C6E-3F0D-4611-8EA8-B02AD0D67360}
	EndGlobalSection
	GlobalSection(ExtensibilityGlobals) = postSolution
		SolutionGuid = {C142081A-7D56-4AE0-AABD-F2AD3C5B487F}
	EndGlobalSection
EndGlobal
